[[package]]
name = "aiolimiter"
version = "1.0.0"
requires_python = ">=3.6.1,<4.0.0"
summary = "asyncio rate limiter, a leaky bucket implementation"

[[package]]
name = "anyio"
version = "3.6.2"
requires_python = ">=3.6.2"
summary = "High level compatibility layer for multiple asynchronous event loop implementations"
dependencies = [
    "idna>=2.8",
    "sniffio>=1.1",
]

[[package]]
name = "certifi"
version = "2022.12.7"
requires_python = ">=3.6"
summary = "Python package for providing Mozilla's CA Bundle."

[[package]]
name = "charset-normalizer"
version = "2.1.1"
requires_python = ">=3.6.0"
summary = "The Real First Universal Charset Detector. Open, modern and actively maintained alternative to Chardet."

[[package]]
name = "colorama"
version = "0.4.6"
requires_python = "!=3.0.*,!=3.1.*,!=3.2.*,!=3.3.*,!=3.4.*,!=3.5.*,!=3.6.*,>=2.7"
summary = "Cross-platform colored terminal text."

[[package]]
name = "h11"
version = "0.14.0"
requires_python = ">=3.7"
summary = "A pure-Python, bring-your-own-I/O implementation of HTTP/1.1"

[[package]]
name = "httpcore"
version = "0.16.3"
requires_python = ">=3.7"
summary = "A minimal low-level HTTP client."
dependencies = [
    "anyio<5.0,>=3.0",
    "certifi",
    "h11<0.15,>=0.13",
    "sniffio==1.*",
]

[[package]]
name = "httpx"
version = "0.23.1"
requires_python = ">=3.7"
summary = "The next generation HTTP client."
dependencies = [
    "certifi",
    "httpcore<0.17.0,>=0.15.0",
    "rfc3986[idna2008]<2,>=1.3",
    "sniffio",
]

[[package]]
name = "idna"
version = "3.4"
requires_python = ">=3.5"
summary = "Internationalized Domain Names in Applications (IDNA)"

[[package]]
name = "loguru"
version = "0.6.0"
requires_python = ">=3.5"
summary = "Python logging made (stupidly) simple"
dependencies = [
    "colorama>=0.3.4; sys_platform == \"win32\"",
    "win32-setctime>=1.0.0; sys_platform == \"win32\"",
]

[[package]]
name = "python-telegram-bot"
version = "20.0b0"
requires_python = ">=3.7"
summary = "We have made you a wrapper you can't refuse"
dependencies = [
    "httpx~=0.23.1",
]

[[package]]
name = "python-telegram-bot"
version = "20.0b0"
extras = ["rate-limiter"]
requires_python = ">=3.7"
summary = "We have made you a wrapper you can't refuse"
dependencies = [
    "aiolimiter~=1.0.0",
    "python-telegram-bot==20.0b0",
]

[[package]]
name = "requests"
version = "2.28.1"
requires_python = ">=3.7, <4"
summary = "Python HTTP for Humans."
dependencies = [
    "certifi>=2017.4.17",
    "charset-normalizer<3,>=2",
    "idna<4,>=2.5",
    "urllib3<1.27,>=1.21.1",
]

[[package]]
name = "rfc3986"
version = "1.5.0"
summary = "Validating URI References per RFC 3986"

[[package]]
name = "rfc3986"
version = "1.5.0"
extras = ["idna2008"]
summary = "Validating URI References per RFC 3986"
dependencies = [
    "idna",
    "rfc3986==1.5.0",
]

[[package]]
name = "sniffio"
version = "1.3.0"
requires_python = ">=3.7"
summary = "Sniff out which async library your code is running under"

[[package]]
name = "urllib3"
version = "1.26.13"
requires_python = ">=2.7, !=3.0.*, !=3.1.*, !=3.2.*, !=3.3.*, !=3.4.*, !=3.5.*"
summary = "HTTP library with thread-safe connection pooling, file post, and more."

[[package]]
name = "win32-setctime"
version = "1.1.0"
requires_python = ">=3.5"
summary = "A small Python utility to set file creation time on Windows"

[metadata]
lock_version = "4.1"
content_hash = "sha256:46e56a0bb99560e6255d9745d3494aa9b13d6d42a30cf326e7dab8dce8bfebee"

[metadata.files]
"aiolimiter 1.0.0" = [
    {url = "https://files.pythonhosted.org/packages/33/c9/854de19ff2b2a83111e892ef3028504a927f1aa19347de3f62abf38c2c99/aiolimiter-1.0.0.tar.gz", hash = "sha256:9d40767e4476048145dfa9f61948445168d6e63cf42c95785a20b9aaff2e4564"},
    {url = "https://files.pythonhosted.org/packages/89/04/163b1c5241f709c3a2e6f6881691e0896cb46fd29c4d311c4a84d89a9468/aiolimiter-1.0.0-py3-none-any.whl", hash = "sha256:f1c5ba2a2861cd4a126c1294f5282208383e67d5b128a4f32def0c702cae8039"},
]
"anyio 3.6.2" = [
    {url = "https://files.pythonhosted.org/packages/77/2b/b4c0b7a3f3d61adb1a1e0b78f90a94e2b6162a043880704b7437ef297cad/anyio-3.6.2-py3-none-any.whl", hash = "sha256:fbbe32bd270d2a2ef3ed1c5d45041250284e31fc0a4df4a5a6071842051a51e3"},
    {url = "https://files.pythonhosted.org/packages/8b/94/6928d4345f2bc1beecbff03325cad43d320717f51ab74ab5a571324f4f5a/anyio-3.6.2.tar.gz", hash = "sha256:25ea0d673ae30af41a0c442f81cf3b38c7e79fdc7b60335a4c14e05eb0947421"},
]
"certifi 2022.12.7" = [
    {url = "https://files.pythonhosted.org/packages/37/f7/2b1b0ec44fdc30a3d31dfebe52226be9ddc40cd6c0f34ffc8923ba423b69/certifi-2022.12.7.tar.gz", hash = "sha256:35824b4c3a97115964b408844d64aa14db1cc518f6562e8d7261699d1350a9e3"},
    {url = "https://files.pythonhosted.org/packages/71/4c/3db2b8021bd6f2f0ceb0e088d6b2d49147671f25832fb17970e9b583d742/certifi-2022.12.7-py3-none-any.whl", hash = "sha256:4ad3232f5e926d6718ec31cfc1fcadfde020920e278684144551c91769c7bc18"},
]
"charset-normalizer 2.1.1" = [
    {url = "https://files.pythonhosted.org/packages/a1/34/44964211e5410b051e4b8d2869c470ae8a68ae274953b1c7de6d98bbcf94/charset-normalizer-2.1.1.tar.gz", hash = "sha256:5a3d016c7c547f69d6f81fb0db9449ce888b418b5b9952cc5e6e66843e9dd845"},
    {url = "https://files.pythonhosted.org/packages/db/51/a507c856293ab05cdc1db77ff4bc1268ddd39f29e7dc4919aa497f0adbec/charset_normalizer-2.1.1-py3-none-any.whl", hash = "sha256:83e9a75d1911279afd89352c68b45348559d1fc0506b054b346651b5e7fee29f"},
]
"colorama 0.4.6" = [
    {url = "https://files.pythonhosted.org/packages/d1/d6/3965ed04c63042e047cb6a3e6ed1a63a35087b6a609aa3a15ed8ac56c221/colorama-0.4.6-py2.py3-none-any.whl", hash = "sha256:4f1d9991f5acc0ca119f9d443620b77f9d6b33703e51011c16baf57afb285fc6"},
    {url = "https://files.pythonhosted.org/packages/d8/53/6f443c9a4a8358a93a6792e2acffb9d9d5cb0a5cfd8802644b7b1c9a02e4/colorama-0.4.6.tar.gz", hash = "sha256:08695f5cb7ed6e0531a20572697297273c47b8cae5a63ffc6d6ed5c201be6e44"},
]
"h11 0.14.0" = [
    {url = "https://files.pythonhosted.org/packages/95/04/ff642e65ad6b90db43e668d70ffb6736436c7ce41fcc549f4e9472234127/h11-0.14.0-py3-none-any.whl", hash = "sha256:e3fe4ac4b851c468cc8363d500db52c2ead036020723024a109d37346efaa761"},
    {url = "https://files.pythonhosted.org/packages/f5/38/3af3d3633a34a3316095b39c8e8fb4853a28a536e55d347bd8d8e9a14b03/h11-0.14.0.tar.gz", hash = "sha256:8f19fbbe99e72420ff35c00b27a34cb9937e902a8b810e2c88300c6f0a3b699d"},
]
"httpcore 0.16.3" = [
    {url = "https://files.pythonhosted.org/packages/04/7e/ef97af4623024e8159993b3114ce208de4f677098ae058ec5882a1bf7605/httpcore-0.16.3-py3-none-any.whl", hash = "sha256:da1fb708784a938aa084bde4feb8317056c55037247c787bd7e19eb2c2949dc0"},
    {url = "https://files.pythonhosted.org/packages/61/42/5c456b02816845d163fab0f32936b6a5b649f3f915beff6f819f4f6c90b2/httpcore-0.16.3.tar.gz", hash = "sha256:c5d6f04e2fc530f39e0c077e6a30caa53f1451096120f1f38b954afd0b17c0cb"},
]
"httpx 0.23.1" = [
    {url = "https://files.pythonhosted.org/packages/8a/df/a3e8b91dfb452e645ef110985a30f0915276a1a2144004c7671c07bb203c/httpx-0.23.1.tar.gz", hash = "sha256:202ae15319be24efe9a8bd4ed4360e68fde7b38bcc2ce87088d416f026667d19"},
    {url = "https://files.pythonhosted.org/packages/e1/74/cdce73069e021ad5913451b86c2707b027975cf302016ca557686d87eb41/httpx-0.23.1-py3-none-any.whl", hash = "sha256:0b9b1f0ee18b9978d637b0776bfd7f54e2ca278e063e3586d8f01cda89e042a8"},
]
"idna 3.4" = [
    {url = "https://files.pythonhosted.org/packages/8b/e1/43beb3d38dba6cb420cefa297822eac205a277ab43e5ba5d5c46faf96438/idna-3.4.tar.gz", hash = "sha256:814f528e8dead7d329833b91c5faa87d60bf71824cd12a7530b5526063d02cb4"},
    {url = "https://files.pythonhosted.org/packages/fc/34/3030de6f1370931b9dbb4dad48f6ab1015ab1d32447850b9fc94e60097be/idna-3.4-py3-none-any.whl", hash = "sha256:90b77e79eaa3eba6de819a0c442c0b4ceefc341a7a2ab77d7562bf49f425c5c2"},
]
"loguru 0.6.0" = [
    {url = "https://files.pythonhosted.org/packages/75/1f/d3818863e4be96bd641c4643c535a98f0fa2a12efa7c8ba35f763fa778ee/loguru-0.6.0.tar.gz", hash = "sha256:066bd06758d0a513e9836fd9c6b5a75bfb3fd36841f4b996bc60b547a309d41c"},
    {url = "https://files.pythonhosted.org/packages/fe/21/e1d1da2586865a159fc73b611f36bdd50b6c4043cb6132d3d5e972988028/loguru-0.6.0-py3-none-any.whl", hash = "sha256:4e2414d534a2ab57573365b3e6d0234dfb1d84b68b7f3b948e6fb743860a77c3"},
]
"python-telegram-bot 20.0b0" = [
    {url = "https://files.pythonhosted.org/packages/10/1f/d2f954d44e67f6e401937517d58d319ef1c73169836992116243a2f6a6bf/python_telegram_bot-20.0b0-py3-none-any.whl", hash = "sha256:70dec236386a809f777d0227117fb37fa4f5ca0c367a4c392d28346657749687"},
    {url = "https://files.pythonhosted.org/packages/33/40/6a74bf1c7d9695cd616dd8ddd273b65d1ba0579708da6010642f06c0ba4e/python-telegram-bot-20.0b0.tar.gz", hash = "sha256:61e8c4d92d4641391d853d9431c8b0b1f21678a0bff8d990bc6de777f53f843e"},
]
"requests 2.28.1" = [
    {url = "https://files.pythonhosted.org/packages/a5/61/a867851fd5ab77277495a8709ddda0861b28163c4613b011bc00228cc724/requests-2.28.1.tar.gz", hash = "sha256:7c5599b102feddaa661c826c56ab4fee28bfd17f5abca1ebbe3e7f19d7c97983"},
    {url = "https://files.pythonhosted.org/packages/ca/91/6d9b8ccacd0412c08820f72cebaa4f0c0441b5cda699c90f618b6f8a1b42/requests-2.28.1-py3-none-any.whl", hash = "sha256:8fefa2a1a1365bf5520aac41836fbee479da67864514bdb821f31ce07ce65349"},
]
"rfc3986 1.5.0" = [
    {url = "https://files.pythonhosted.org/packages/79/30/5b1b6c28c105629cc12b33bdcbb0b11b5bb1880c6cfbd955f9e792921aa8/rfc3986-1.5.0.tar.gz", hash = "sha256:270aaf10d87d0d4e095063c65bf3ddbc6ee3d0b226328ce21e036f946e421835"},
    {url = "https://files.pythonhosted.org/packages/c4/e5/63ca2c4edf4e00657584608bee1001302bbf8c5f569340b78304f2f446cb/rfc3986-1.5.0-py2.py3-none-any.whl", hash = "sha256:a86d6e1f5b1dc238b218b012df0aa79409667bb209e58da56d0b94704e712a97"},
]
"sniffio 1.3.0" = [
    {url = "https://files.pythonhosted.org/packages/c3/a0/5dba8ed157b0136607c7f2151db695885606968d1fae123dc3391e0cfdbf/sniffio-1.3.0-py3-none-any.whl", hash = "sha256:eecefdce1e5bbfb7ad2eeaabf7c1eeb404d7757c379bd1f7e5cce9d8bf425384"},
    {url = "https://files.pythonhosted.org/packages/cd/50/d49c388cae4ec10e8109b1b833fd265511840706808576df3ada99ecb0ac/sniffio-1.3.0.tar.gz", hash = "sha256:e60305c5e5d314f5389259b7f22aaa33d8f7dee49763119234af3755c55b9101"},
]
"urllib3 1.26.13" = [
    {url = "https://files.pythonhosted.org/packages/65/0c/cc6644eaa594585e5875f46f3c83ee8762b647b51fc5b0fb253a242df2dc/urllib3-1.26.13-py2.py3-none-any.whl", hash = "sha256:47cc05d99aaa09c9e72ed5809b60e7ba354e64b59c9c173ac3018642d8bb41fc"},
    {url = "https://files.pythonhosted.org/packages/c2/51/32da03cf19d17d46cce5c731967bf58de9bd71db3a379932f53b094deda4/urllib3-1.26.13.tar.gz", hash = "sha256:c083dd0dce68dbfbe1129d5271cb90f9447dea7d52097c6e0126120c521ddea8"},
]
"win32-setctime 1.1.0" = [
    {url = "https://files.pythonhosted.org/packages/0a/e6/a7d828fef907843b2a5773ebff47fb79ac0c1c88d60c0ca9530ee941e248/win32_setctime-1.1.0-py3-none-any.whl", hash = "sha256:231db239e959c2fe7eb1d7dc129f11172354f98361c4fa2d6d2d7e278baa8aad"},
    {url = "https://files.pythonhosted.org/packages/6b/dd/f95a13d2b235a28d613ba23ebad55191514550debb968b46aab99f2e3a30/win32_setctime-1.1.0.tar.gz", hash = "sha256:15cf5750465118d6929ae4de4eb46e8edae9a5634350c01ba582df868e932cb2"},
]
